
Microsoft Visual Studio Solution File, Format Version 12.00
# Visual Studio 15
VisualStudioVersion = 15.0.27703.2026
MinimumVisualStudioVersion = 10.0.40219.1
Project("{FAE04EC0-301F-11D3-BF4B-00C04F79EFBC}") = "POInvoice.Web", "POInvoice\POInvoice.Web.csproj", "{4D13E1E1-8C40-40F8-84DD-EB7A2E82D02F}"
EndProject
Project("{FAE04EC0-301F-11D3-BF4B-00C04F79EFBC}") = "POInvoice.Data", "POInvoice.Data\POInvoice.Data.csproj", "{096061AE-B078-4EE9-A899-4CA6B79F0D31}"
EndProject
Project("{FAE04EC0-301F-11D3-BF4B-00C04F79EFBC}") = "POInvoice.UnitTests", "POInvoice.UnitTests\POInvoice.UnitTests.csproj", "{10C92579-4DF1-4F64-B7A9-7ACADCDEE4D2}"
EndProject
Global
	GlobalSection(SolutionConfigurationPlatforms) = preSolution
		Debug|Any CPU = Debug|Any CPU
		Release|Any CPU = Release|Any CPU
	EndGlobalSection
	GlobalSection(ProjectConfigurationPlatforms) = postSolution
		{4D13E1E1-8C40-40F8-84DD-EB7A2E82D02F}.Debug|Any CPU.ActiveCfg = Debug|Any CPU
		{4D13E1E1-8C40-40F8-84DD-EB7A2E82D02F}.Debug|Any CPU.Build.0 = Debug|Any CPU
		{4D13E1E1-8C40-40F8-84DD-EB7A2E82D02F}.Release|Any CPU.ActiveCfg = Release|Any CPU
		{4D13E1E1-8C40-40F8-84DD-EB7A2E82D02F}.Release|Any CPU.Build.0 = Release|Any CPU
		{096061AE-B078-4EE9-A899-4CA6B79F0D31}.Debug|Any CPU.ActiveCfg = Debug|Any CPU
		{096061AE-B078-4EE9-A899-4CA6B79F0D31}.Debug|Any CPU.Build.0 = Debug|Any CPU
		{096061AE-B078-4EE9-A899-4CA6B79F0D31}.Release|Any CPU.ActiveCfg = Release|Any CPU
		{096061AE-B078-4EE9-A899-4CA6B79F0D31}.Release|Any CPU.Build.0 = Release|Any CPU
		{10C92579-4DF1-4F64-B7A9-7ACADCDEE4D2}.Debug|Any CPU.ActiveCfg = Debug|Any CPU
		{10C92579-4DF1-4F64-B7A9-7ACADCDEE4D2}.Debug|Any CPU.Build.0 = Debug|Any CPU
		{10C92579-4DF1-4F64-B7A9-7ACADCDEE4D2}.Release|Any CPU.ActiveCfg = Release|Any CPU
		{10C92579-4DF1-4F64-B7A9-7ACADCDEE4D2}.Release|Any CPU.Build.0 = Release|Any CPU
	EndGlobalSection
	GlobalSection(SolutionProperties) = preSolution
		HideSolutionNode = FALSE
	EndGlobalSection
	GlobalSection(ExtensibilityGlobals) = postSolution
		SolutionGuid = {57BC155E-F6EC-4613-ADC8-7248E74EC8C9}
	EndGlobalSection
EndGlobal
